// !$*UTF8*$!
{
	archiveVersion = 1;
	classes = {
	};
	objectVersion = 55;
	objects = {

/* Begin PBXBuildFile section */
		19B20C8C038BCD7AF8241981 /* Pods_weather_App.framework in Frameworks */ = {isa = PBXBuildFile; fileRef = C80DF27E2F738EB3ED2FF21C /* Pods_weather_App.framework */; };
		FA66F9ED2AD196B100D55772 /* AppDelegate.swift in Sources */ = {isa = PBXBuildFile; fileRef = FA66F9EC2AD196B100D55772 /* AppDelegate.swift */; };
		FA66F9EF2AD196B100D55772 /* SceneDelegate.swift in Sources */ = {isa = PBXBuildFile; fileRef = FA66F9EE2AD196B100D55772 /* SceneDelegate.swift */; };
		FA66F9F12AD196B100D55772 /* WeatherVC.swift in Sources */ = {isa = PBXBuildFile; fileRef = FA66F9F02AD196B100D55772 /* WeatherVC.swift */; };
		FA66F9F42AD196B100D55772 /* Main.storyboard in Resources */ = {isa = PBXBuildFile; fileRef = FA66F9F22AD196B100D55772 /* Main.storyboard */; };
		FA66F9F62AD196B700D55772 /* Assets.xcassets in Resources */ = {isa = PBXBuildFile; fileRef = FA66F9F52AD196B700D55772 /* Assets.xcassets */; };
		FA66F9F92AD196B700D55772 /* LaunchScreen.storyboard in Resources */ = {isa = PBXBuildFile; fileRef = FA66F9F72AD196B700D55772 /* LaunchScreen.storyboard */; };
		FA66FA022AD1B1EB00D55772 /* WeatherService.swift in Sources */ = {isa = PBXBuildFile; fileRef = FA66FA012AD1B1EB00D55772 /* WeatherService.swift */; };
		FA66FA082AD1B4A600D55772 /* Forecast.swift in Sources */ = {isa = PBXBuildFile; fileRef = FA66FA072AD1B4A600D55772 /* Forecast.swift */; };
		FA66FA0A2AD1C74D00D55772 /* WeatherCell.swift in Sources */ = {isa = PBXBuildFile; fileRef = FA66FA092AD1C74D00D55772 /* WeatherCell.swift */; };
		FA66FA0C2AD2E34700D55772 /* Current.swift in Sources */ = {isa = PBXBuildFile; fileRef = FA66FA0B2AD2E34700D55772 /* Current.swift */; };
/* End PBXBuildFile section */

/* Begin PBXFileReference section */
		0E8002792129B48666AD6CEB /* Pods-weather_App.release.xcconfig */ = {isa = PBXFileReference; includeInIndex = 1; lastKnownFileType = text.xcconfig; name = "Pods-weather_App.release.xcconfig"; path = "Target Support Files/Pods-weather_App/Pods-weather_App.release.xcconfig"; sourceTree = "<group>"; };
		C80DF27E2F738EB3ED2FF21C /* Pods_weather_App.framework */ = {isa = PBXFileReference; explicitFileType = wrapper.framework; includeInIndex = 0; path = Pods_weather_App.framework; sourceTree = BUILT_PRODUCTS_DIR; };
		EADE5AD20B36309AB04D003F /* Pods-weather_App.debug.xcconfig */ = {isa = PBXFileReference; includeInIndex = 1; lastKnownFileType = text.xcconfig; name = "Pods-weather_App.debug.xcconfig"; path = "Target Support Files/Pods-weather_App/Pods-weather_App.debug.xcconfig"; sourceTree = "<group>"; };
		FA66F9E92AD196B100D55772 /* weather_App.app */ = {isa = PBXFileReference; explicitFileType = wrapper.application; includeInIndex = 0; path = weather_App.app; sourceTree = BUILT_PRODUCTS_DIR; };
		FA66F9EC2AD196B100D55772 /* AppDelegate.swift */ = {isa = PBXFileReference; lastKnownFileType = sourcecode.swift; path = AppDelegate.swift; sourceTree = "<group>"; };
		FA66F9EE2AD196B100D55772 /* SceneDelegate.swift */ = {isa = PBXFileReference; lastKnownFileType = sourcecode.swift; path = SceneDelegate.swift; sourceTree = "<group>"; };
		FA66F9F02AD196B100D55772 /* WeatherVC.swift */ = {isa = PBXFileReference; lastKnownFileType = sourcecode.swift; path = WeatherVC.swift; sourceTree = "<group>"; };
		FA66F9F32AD196B100D55772 /* Base */ = {isa = PBXFileReference; lastKnownFileType = file.storyboard; name = Base; path = Base.lproj/Main.storyboard; sourceTree = "<group>"; };
		FA66F9F52AD196B700D55772 /* Assets.xcassets */ = {isa = PBXFileReference; lastKnownFileType = folder.assetcatalog; path = Assets.xcassets; sourceTree = "<group>"; };
		FA66F9F82AD196B700D55772 /* Base */ = {isa = PBXFileReference; lastKnownFileType = file.storyboard; name = Base; path = Base.lproj/LaunchScreen.storyboard; sourceTree = "<group>"; };
		FA66F9FA2AD196B700D55772 /* Info.plist */ = {isa = PBXFileReference; lastKnownFileType = text.plist.xml; path = Info.plist; sourceTree = "<group>"; };
		FA66FA012AD1B1EB00D55772 /* WeatherService.swift */ = {isa = PBXFileReference; lastKnownFileType = sourcecode.swift; path = WeatherService.swift; sourceTree = "<group>"; };
		FA66FA072AD1B4A600D55772 /* Forecast.swift */ = {isa = PBXFileReference; lastKnownFileType = sourcecode.swift; path = Forecast.swift; sourceTree = "<group>"; };
		FA66FA092AD1C74D00D55772 /* WeatherCell.swift */ = {isa = PBXFileReference; lastKnownFileType = sourcecode.swift; path = WeatherCell.swift; sourceTree = "<group>"; };
		FA66FA0B2AD2E34700D55772 /* Current.swift */ = {isa = PBXFileReference; lastKnownFileType = sourcecode.swift; path = Current.swift; sourceTree = "<group>"; };
/* End PBXFileReference section */

/* Begin PBXFrameworksBuildPhase section */
		FA66F9E62AD196B100D55772 /* Frameworks */ = {
			isa = PBXFrameworksBuildPhase;
			buildActionMask = 2147483647;
			files = (
				19B20C8C038BCD7AF8241981 /* Pods_weather_App.framework in Frameworks */,
			);
			runOnlyForDeploymentPostprocessing = 0;
		};
/* End PBXFrameworksBuildPhase section */

/* Begin PBXGroup section */
		03112295F7A7F54F03B0D3A2 /* Pods */ = {
			isa = PBXGroup;
			children = (
				EADE5AD20B36309AB04D003F /* Pods-weather_App.debug.xcconfig */,
				0E8002792129B48666AD6CEB /* Pods-weather_App.release.xcconfig */,
			);
			path = Pods;
			sourceTree = "<group>";
		};
		E69E9CC4178D43F68F2AE3BA /* Frameworks */ = {
			isa = PBXGroup;
			children = (
				C80DF27E2F738EB3ED2FF21C /* Pods_weather_App.framework */,
			);
			name = Frameworks;
			sourceTree = "<group>";
		};
		FA66F9E02AD196B100D55772 = {
			isa = PBXGroup;
			children = (
				FA66F9EB2AD196B100D55772 /* weather_App */,
				FA66F9EA2AD196B100D55772 /* Products */,
				03112295F7A7F54F03B0D3A2 /* Pods */,
				E69E9CC4178D43F68F2AE3BA /* Frameworks */,
			);
			sourceTree = "<group>";
		};
		FA66F9EA2AD196B100D55772 /* Products */ = {
			isa = PBXGroup;
			children = (
				FA66F9E92AD196B100D55772 /* weather_App.app */,
			);
			name = Products;
			sourceTree = "<group>";
		};
		FA66F9EB2AD196B100D55772 /* weather_App */ = {
			isa = PBXGroup;
			children = (
				FA66F9EC2AD196B100D55772 /* AppDelegate.swift */,
				FA66F9EE2AD196B100D55772 /* SceneDelegate.swift */,
				FA66FA102AD3EC2100D55772 /* VC */,
				FA66FA0F2AD3EBFC00D55772 /* Cell */,
				FA66FA002AD1B1D100D55772 /* Service */,
				FA66FA032AD1B43500D55772 /* Model */,
				FA66F9F22AD196B100D55772 /* Main.storyboard */,
				FA66F9F52AD196B700D55772 /* Assets.xcassets */,
				FA66F9F72AD196B700D55772 /* LaunchScreen.storyboard */,
				FA66F9FA2AD196B700D55772 /* Info.plist */,
			);
			path = weather_App;
			sourceTree = "<group>";
		};
		FA66FA002AD1B1D100D55772 /* Service */ = {
			isa = PBXGroup;
			children = (
				FA66FA012AD1B1EB00D55772 /* WeatherService.swift */,
			);
			path = Service;
			sourceTree = "<group>";
		};
		FA66FA032AD1B43500D55772 /* Model */ = {
			isa = PBXGroup;
			children = (
				FA66FA072AD1B4A600D55772 /* Forecast.swift */,
				FA66FA0B2AD2E34700D55772 /* Current.swift */,
			);
			path = Model;
			sourceTree = "<group>";
		};
		FA66FA0F2AD3EBFC00D55772 /* Cell */ = {
			isa = PBXGroup;
			children = (
				FA66FA092AD1C74D00D55772 /* WeatherCell.swift */,
			);
			path = Cell;
			sourceTree = "<group>";
		};
		FA66FA102AD3EC2100D55772 /* VC */ = {
			isa = PBXGroup;
			children = (
				FA66F9F02AD196B100D55772 /* WeatherVC.swift */,
			);
			path = VC;
			sourceTree = "<group>";
		};
/* End PBXGroup section */

/* Begin PBXNativeTarget section */
		FA66F9E82AD196B100D55772 /* weather_App */ = {
			isa = PBXNativeTarget;
			buildConfigurationList = FA66F9FD2AD196B700D55772 /* Build configuration list for PBXNativeTarget "weather_App" */;
			buildPhases = (
				D4BC9FA31E0991643D9ED64D /* [CP] Check Pods Manifest.lock */,
				FA66F9E52AD196B100D55772 /* Sources */,
				FA66F9E62AD196B100D55772 /* Frameworks */,
				FA66F9E72AD196B100D55772 /* Resources */,
				546F407C8AC778C412936C76 /* [CP] Embed Pods Frameworks */,
			);
			buildRules = (
			);
			dependencies = (
			);
			name = weather_App;
			productName = weather_App;
			productReference = FA66F9E92AD196B100D55772 /* weather_App.app */;
			productType = "com.apple.product-type.application";
		};
/* End PBXNativeTarget section */

/* Begin PBXProject section */
		FA66F9E12AD196B100D55772 /* Project object */ = {
			isa = PBXProject;
			attributes = {
				BuildIndependentTargetsInParallel = 1;
				LastSwiftUpdateCheck = 1340;
				LastUpgradeCheck = 1340;
				TargetAttributes = {
					FA66F9E82AD196B100D55772 = {
						CreatedOnToolsVersion = 13.4.1;
					};
				};
			};
			buildConfigurationList = FA66F9E42AD196B100D55772 /* Build configuration list for PBXProject "weather_App" */;
			compatibilityVersion = "Xcode 13.0";
			developmentRegion = en;
			hasScannedForEncodings = 0;
			knownRegions = (
				en,
				Base,
			);
			mainGroup = FA66F9E02AD196B100D55772;
			productRefGroup = FA66F9EA2AD196B100D55772 /* Products */;
			projectDirPath = "";
			projectRoot = "";
			targets = (
				FA66F9E82AD196B100D55772 /* weather_App */,
			);
		};
/* End PBXProject section */

/* Begin PBXResourcesBuildPhase section */
		FA66F9E72AD196B100D55772 /* Resources */ = {
			isa = PBXResourcesBuildPhase;
			buildActionMask = 2147483647;
			files = (
				FA66F9F92AD196B700D55772 /* LaunchScreen.storyboard in Resources */,
				FA66F9F62AD196B700D55772 /* Assets.xcassets in Resources */,
				FA66F9F42AD196B100D55772 /* Main.storyboard in Resources */,
			);
			runOnlyForDeploymentPostprocessing = 0;
		};
/* End PBXResourcesBuildPhase section */

/* Begin PBXShellScriptBuildPhase section */
		546F407C8AC778C412936C76 /* [CP] Embed Pods Frameworks */ = {
			isa = PBXShellScriptBuildPhase;
			buildActionMask = 2147483647;
			files = (
			);
			inputFileListPaths = (
				"${PODS_ROOT}/Target Support Files/Pods-weather_App/Pods-weather_App-frameworks-${CONFIGURATION}-input-files.xcfilelist",
			);
			name = "[CP] Embed Pods Frameworks";
			outputFileListPaths = (
				"${PODS_ROOT}/Target Support Files/Pods-weather_App/Pods-weather_App-frameworks-${CONFIGURATION}-output-files.xcfilelist",
			);
			runOnlyForDeploymentPostprocessing = 0;
			shellPath = /bin/sh;
			shellScript = "\"${PODS_ROOT}/Target Support Files/Pods-weather_App/Pods-weather_App-frameworks.sh\"\n";
			showEnvVarsInLog = 0;
		};
		D4BC9FA31E0991643D9ED64D /* [CP] Check Pods Manifest.lock */ = {
			isa = PBXShellScriptBuildPhase;
			buildActionMask = 2147483647;
			files = (
			);
			inputFileListPaths = (
			);
			inputPaths = (
				"${PODS_PODFILE_DIR_PATH}/Podfile.lock",
				"${PODS_ROOT}/Manifest.lock",
			);
			name = "[CP] Check Pods Manifest.lock";
			outputFileListPaths = (
			);
			outputPaths = (
				"$(DERIVED_FILE_DIR)/Pods-weather_App-checkManifestLockResult.txt",
			);
			runOnlyForDeploymentPostprocessing = 0;
			shellPath = /bin/sh;
			shellScript = "diff \"${PODS_PODFILE_DIR_PATH}/Podfile.lock\" \"${PODS_ROOT}/Manifest.lock\" > /dev/null\nif [ $? != 0 ] ; then\n    # print error to STDERR\n    echo \"error: The sandbox is not in sync with the Podfile.lock. Run 'pod install' or update your CocoaPods installation.\" >&2\n    exit 1\nfi\n# This output is used by Xcode 'outputs' to avoid re-running this script phase.\necho \"SUCCESS\" > \"${SCRIPT_OUTPUT_FILE_0}\"\n";
			showEnvVarsInLog = 0;
		};
/* End PBXShellScriptBuildPhase section */

/* Begin PBXSourcesBuildPhase section */
		FA66F9E52AD196B100D55772 /* Sources */ = {
			isa = PBXSourcesBuildPhase;
			buildActionMask = 2147483647;
			files = (
				FA66FA022AD1B1EB00D55772 /* WeatherService.swift in Sources */,
				FA66F9F12AD196B100D55772 /* WeatherVC.swift in Sources */,
				FA66FA0A2AD1C74D00D55772 /* WeatherCell.swift in Sources */,
				FA66F9ED2AD196B100D55772 /* AppDelegate.swift in Sources */,
				FA66FA082AD1B4A600D55772 /* Forecast.swift in Sources */,
				FA66F9EF2AD196B100D55772 /* SceneDelegate.swift in Sources */,
				FA66FA0C2AD2E34700D55772 /* Current.swift in Sources */,
			);
			runOnlyForDeploymentPostprocessing = 0;
		};
/* End PBXSourcesBuildPhase section */

/* Begin PBXVariantGroup section */
		FA66F9F22AD196B100D55772 /* Main.storyboard */ = {
			isa = PBXVariantGroup;
			children = (
				FA66F9F32AD196B100D55772 /* Base */,
			);
			name = Main.storyboard;
			sourceTree = "<group>";
		};
		FA66F9F72AD196B700D55772 /* LaunchScreen.storyboard */ = {
			isa = PBXVariantGroup;
			children = (
				FA66F9F82AD196B700D55772 /* Base */,
			);
			name = LaunchScreen.storyboard;
			sourceTree = "<group>";
		};
/* End PBXVariantGroup section */

/* Begin XCBuildConfiguration section */
		FA66F9FB2AD196B700D55772 /* Debug */ = {
			isa = XCBuildConfiguration;
			buildSettings = {
				ALWAYS_SEARCH_USER_PATHS = NO;
				CLANG_ANALYZER_NONNULL = YES;
				CLANG_ANALYZER_NUMBER_OBJECT_CONVERSION = YES_AGGRESSIVE;
				CLANG_CXX_LANGUAGE_STANDARD = "gnu++17";
				CLANG_ENABLE_MODULES = YES;
				CLANG_ENABLE_OBJC_ARC = YES;
				CLANG_ENABLE_OBJC_WEAK = YES;
				CLANG_WARN_BLOCK_CAPTURE_AUTORELEASING = YES;
				CLANG_WARN_BOOL_CONVERSION = YES;
				CLANG_WARN_COMMA = YES;
				CLANG_WARN_CONSTANT_CONVERSION = YES;
				CLANG_WARN_DEPRECATED_OBJC_IMPLEMENTATIONS = YES;
				CLANG_WARN_DIRECT_OBJC_ISA_USAGE = YES_ERROR;
				CLANG_WARN_DOCUMENTATION_COMMENTS = YES;
				CLANG_WARN_EMPTY_BODY = YES;
				CLANG_WARN_ENUM_CONVERSION = YES;
				CLANG_WARN_INFINITE_RECURSION = YES;
				CLANG_WARN_INT_CONVERSION = YES;
				CLANG_WARN_NON_LITERAL_NULL_CONVERSION = YES;
				CLANG_WARN_OBJC_IMPLICIT_RETAIN_SELF = YES;
				CLANG_WARN_OBJC_LITERAL_CONVERSION = YES;
				CLANG_WARN_OBJC_ROOT_CLASS = YES_ERROR;
				CLANG_WARN_QUOTED_INCLUDE_IN_FRAMEWORK_HEADER = YES;
				CLANG_WARN_RANGE_LOOP_ANALYSIS = YES;
				CLANG_WARN_STRICT_PROTOTYPES = YES;
				CLANG_WARN_SUSPICIOUS_MOVE = YES;
				CLANG_WARN_UNGUARDED_AVAILABILITY = YES_AGGRESSIVE;
				CLANG_WARN_UNREACHABLE_CODE = YES;
				CLANG_WARN__DUPLICATE_METHOD_MATCH = YES;
				COPY_PHASE_STRIP = NO;
				DEBUG_INFORMATION_FORMAT = dwarf;
				ENABLE_STRICT_OBJC_MSGSEND = YES;
				ENABLE_TESTABILITY = YES;
				GCC_C_LANGUAGE_STANDARD = gnu11;
				GCC_DYNAMIC_NO_PIC = NO;
				GCC_NO_COMMON_BLOCKS = YES;
				GCC_OPTIMIZATION_LEVEL = 0;
				GCC_PREPROCESSOR_DEFINITIONS = (
					"DEBUG=1",
					"$(inherited)",
				);
				GCC_WARN_64_TO_32_BIT_CONVERSION = YES;
				GCC_WARN_ABOUT_RETURN_TYPE = YES_ERROR;
				GCC_WARN_UNDECLARED_SELECTOR = YES;
				GCC_WARN_UNINITIALIZED_AUTOS = YES_AGGRESSIVE;
				GCC_WARN_UNUSED_FUNCTION = YES;
				GCC_WARN_UNUSED_VARIABLE = YES;
				IPHONEOS_DEPLOYMENT_TARGET = 15.5;
				MTL_ENABLE_DEBUG_INFO = INCLUDE_SOURCE;
				MTL_FAST_MATH = YES;
				ONLY_ACTIVE_ARCH = YES;
				SDKROOT = iphoneos;
				SWIFT_ACTIVE_COMPILATION_CONDITIONS = DEBUG;
				SWIFT_OPTIMIZATION_LEVEL = "-Onone";
			};
			name = Debug;
		};
		FA66F9FC2AD196B700D55772 /* Release */ = {
			isa = XCBuildConfiguration;
			buildSettings = {
				ALWAYS_SEARCH_USER_PATHS = NO;
				CLANG_ANALYZER_NONNULL = YES;
				CLANG_ANALYZER_NUMBER_OBJECT_CONVERSION = YES_AGGRESSIVE;
				CLANG_CXX_LANGUAGE_STANDARD = "gnu++17";
				CLANG_ENABLE_MODULES = YES;
				CLANG_ENABLE_OBJC_ARC = YES;
				CLANG_ENABLE_OBJC_WEAK = YES;
				CLANG_WARN_BLOCK_CAPTURE_AUTORELEASING = YES;
				CLANG_WARN_BOOL_CONVERSION = YES;
				CLANG_WARN_COMMA = YES;
				CLANG_WARN_CONSTANT_CONVERSION = YES;
				CLANG_WARN_DEPRECATED_OBJC_IMPLEMENTATIONS = YES;
				CLANG_WARN_DIRECT_OBJC_ISA_USAGE = YES_ERROR;
				CLANG_WARN_DOCUMENTATION_COMMENTS = YES;
				CLANG_WARN_EMPTY_BODY = YES;
				CLANG_WARN_ENUM_CONVERSION = YES;
				CLANG_WARN_INFINITE_RECURSION = YES;
				CLANG_WARN_INT_CONVERSION = YES;
				CLANG_WARN_NON_LITERAL_NULL_CONVERSION = YES;
				CLANG_WARN_OBJC_IMPLICIT_RETAIN_SELF = YES;
				CLANG_WARN_OBJC_LITERAL_CONVERSION = YES;
				CLANG_WARN_OBJC_ROOT_CLASS = YES_ERROR;
				CLANG_WARN_QUOTED_INCLUDE_IN_FRAMEWORK_HEADER = YES;
				CLANG_WARN_RANGE_LOOP_ANALYSIS = YES;
				CLANG_WARN_STRICT_PROTOTYPES = YES;
				CLANG_WARN_SUSPICIOUS_MOVE = YES;
				CLANG_WARN_UNGUARDED_AVAILABILITY = YES_AGGRESSIVE;
				CLANG_WARN_UNREACHABLE_CODE = YES;
				CLANG_WARN__DUPLICATE_METHOD_MATCH = YES;
				COPY_PHASE_STRIP = NO;
				DEBUG_INFORMATION_FORMAT = "dwarf-with-dsym";
				ENABLE_NS_ASSERTIONS = NO;
				ENABLE_STRICT_OBJC_MSGSEND = YES;
				GCC_C_LANGUAGE_STANDARD = gnu11;
				GCC_NO_COMMON_BLOCKS = YES;
				GCC_WARN_64_TO_32_BIT_CONVERSION = YES;
				GCC_WARN_ABOUT_RETURN_TYPE = YES_ERROR;
				GCC_WARN_UNDECLARED_SELECTOR = YES;
				GCC_WARN_UNINITIALIZED_AUTOS = YES_AGGRESSIVE;
				GCC_WARN_UNUSED_FUNCTION = YES;
				GCC_WARN_UNUSED_VARIABLE = YES;
				IPHONEOS_DEPLOYMENT_TARGET = 15.5;
				MTL_ENABLE_DEBUG_INFO = NO;
				MTL_FAST_MATH = YES;
				SDKROOT = iphoneos;
				SWIFT_COMPILATION_MODE = wholemodule;
				SWIFT_OPTIMIZATION_LEVEL = "-O";
				VALIDATE_PRODUCT = YES;
			};
			name = Release;
		};
		FA66F9FE2AD196B700D55772 /* Debug */ = {
			isa = XCBuildConfiguration;
			baseConfigurationReference = EADE5AD20B36309AB04D003F /* Pods-weather_App.debug.xcconfig */;
			buildSettings = {
				ASSETCATALOG_COMPILER_APPICON_NAME = AppIcon;
				ASSETCATALOG_COMPILER_GLOBAL_ACCENT_COLOR_NAME = AccentColor;
				CODE_SIGN_STYLE = Automatic;
				CURRENT_PROJECT_VERSION = 1;
				DEVELOPMENT_TEAM = 766QK7HMSP;
				GENERATE_INFOPLIST_FILE = YES;
				INFOPLIST_FILE = weather_App/Info.plist;
				INFOPLIST_KEY_UIApplicationSupportsIndirectInputEvents = YES;
				INFOPLIST_KEY_UILaunchStoryboardName = LaunchScreen;
				INFOPLIST_KEY_UIMainStoryboardFile = Main;
				INFOPLIST_KEY_UISupportedInterfaceOrientations_iPad = "UIInterfaceOrientationPortrait UIInterfaceOrientationPortraitUpsideDown UIInterfaceOrientationLandscapeLeft UIInterfaceOrientationLandscapeRight";
				INFOPLIST_KEY_UISupportedInterfaceOrientations_iPhone = "UIInterfaceOrientationPortrait UIInterfaceOrientationLandscapeLeft UIInterfaceOrientationLandscapeRight";
				LD_RUNPATH_SEARCH_PATHS = (
					"$(inherited)",
					"@executable_path/Frameworks",
				);
				MARKETING_VERSION = 1.0;
				PRODUCT_BUNDLE_IDENTIFIER = "com.Sperit.weather-App";
				PRODUCT_NAME = "$(TARGET_NAME)";
				SWIFT_EMIT_LOC_STRINGS = YES;
				SWIFT_VERSION = 5.0;
				TARGETED_DEVICE_FAMILY = "1,2";
			};
			name = Debug;
		};
		FA66F9FF2AD196B700D55772 /* Release */ = {
			isa = XCBuildConfiguration;
			baseConfigurationReference = 0E8002792129B48666AD6CEB /* Pods-weather_App.release.xcconfig */;
			buildSettings = {
				ASSETCATALOG_COMPILER_APPICON_NAME = AppIcon;
				ASSETCATALOG_COMPILER_GLOBAL_ACCENT_COLOR_NAME = AccentColor;
				CODE_SIGN_STYLE = Automatic;
				CURRENT_PROJECT_VERSION = 1;
				DEVELOPMENT_TEAM = 766QK7HMSP;
				GENERATE_INFOPLIST_FILE = YES;
				INFOPLIST_FILE = weather_App/Info.plist;
				INFOPLIST_KEY_UIApplicationSupportsIndirectInputEvents = YES;
				INFOPLIST_KEY_UILaunchStoryboardName = LaunchScreen;
				INFOPLIST_KEY_UIMainStoryboardFile = Main;
				INFOPLIST_KEY_UISupportedInterfaceOrientations_iPad = "UIInterfaceOrientationPortrait UIInterfaceOrientationPortraitUpsideDown UIInterfaceOrientationLandscapeLeft UIInterfaceOrientationLandscapeRight";
				INFOPLIST_KEY_UISupportedInterfaceOrientations_iPhone = "UIInterfaceOrientationPortrait UIInterfaceOrientationLandscapeLeft UIInterfaceOrientationLandscapeRight";
				LD_RUNPATH_SEARCH_PATHS = (
					"$(inherited)",
					"@executable_path/Frameworks",
				);
				MARKETING_VERSION = 1.0;
				PRODUCT_BUNDLE_IDENTIFIER = "com.Sperit.weather-App";
				PRODUCT_NAME = "$(TARGET_NAME)";
				SWIFT_EMIT_LOC_STRINGS = YES;
				SWIFT_VERSION = 5.0;
				TARGETED_DEVICE_FAMILY = "1,2";
			};
			name = Release;
		};
/* End XCBuildConfiguration section */

/* Begin XCConfigurationList section */
		FA66F9E42AD196B100D55772 /* Build configuration list for PBXProject "weather_App" */ = {
			isa = XCConfigurationList;
			buildConfigurations = (
				FA66F9FB2AD196B700D55772 /* Debug */,
				FA66F9FC2AD196B700D55772 /* Release */,
			);
			defaultConfigurationIsVisible = 0;
			defaultConfigurationName = Release;
		};
		FA66F9FD2AD196B700D55772 /* Build configuration list for PBXNativeTarget "weather_App" */ = {
			isa = XCConfigurationList;
			buildConfigurations = (
				FA66F9FE2AD196B700D55772 /* Debug */,
				FA66F9FF2AD196B700D55772 /* Release */,
			);
			defaultConfigurationIsVisible = 0;
			defaultConfigurationName = Release;
		};
/* End XCConfigurationList section */
	};
	rootObject = FA66F9E12AD196B100D55772 /* Project object */;
}
